// !$*UTF8*$!
{
	archiveVersion = 1;
	classes = {
	};
	objectVersion = 46;
	objects = {

/* Begin PBXBuildFile section */
		6E1C61FE1C84287F0086FAFC /* AppDelegate.swift in Sources */ = {isa = PBXBuildFile; fileRef = 6E1C61FD1C84287F0086FAFC /* AppDelegate.swift */; };
		6E1C62001C84287F0086FAFC /* ViewController.swift in Sources */ = {isa = PBXBuildFile; fileRef = 6E1C61FF1C84287F0086FAFC /* ViewController.swift */; };
		6E1C62031C84287F0086FAFC /* Main.storyboard in Resources */ = {isa = PBXBuildFile; fileRef = 6E1C62011C84287F0086FAFC /* Main.storyboard */; };
		6E1C62051C84287F0086FAFC /* Assets.xcassets in Resources */ = {isa = PBXBuildFile; fileRef = 6E1C62041C84287F0086FAFC /* Assets.xcassets */; };
		6E1C62081C84287F0086FAFC /* LaunchScreen.storyboard in Resources */ = {isa = PBXBuildFile; fileRef = 6E1C62061C84287F0086FAFC /* LaunchScreen.storyboard */; };
		6E1C62131C84287F0086FAFC /* myMealsTests.swift in Sources */ = {isa = PBXBuildFile; fileRef = 6E1C62121C84287F0086FAFC /* myMealsTests.swift */; };
		6E1C62221C8429F60086FAFC /* FoodItemTests.swift in Sources */ = {isa = PBXBuildFile; fileRef = 6E1C62211C8429F60086FAFC /* FoodItemTests.swift */; };
		6E1C62241C842B190086FAFC /* FoodItem.swift in Sources */ = {isa = PBXBuildFile; fileRef = 6E1C62231C842B190086FAFC /* FoodItem.swift */; };
		6E1C622A1C842F610086FAFC /* LogEntryTests.swift in Sources */ = {isa = PBXBuildFile; fileRef = 6E1C62291C842F610086FAFC /* LogEntryTests.swift */; };
		6E1C622C1C8435D70086FAFC /* FoodItemManagerTests.swift in Sources */ = {isa = PBXBuildFile; fileRef = 6E1C622B1C8435D70086FAFC /* FoodItemManagerTests.swift */; };
		6E1C622E1C8435E60086FAFC /* FoodItemManager.swift in Sources */ = {isa = PBXBuildFile; fileRef = 6E1C622D1C8435E60086FAFC /* FoodItemManager.swift */; };
		6E1C62301C843FDE0086FAFC /* LogEntryManager.swift in Sources */ = {isa = PBXBuildFile; fileRef = 6E1C622F1C843FDE0086FAFC /* LogEntryManager.swift */; };
		6E1C62321C843FF90086FAFC /* LogEntryManagerTests.swift in Sources */ = {isa = PBXBuildFile; fileRef = 6E1C62311C843FF90086FAFC /* LogEntryManagerTests.swift */; };
		6E1C62361C844A9B0086FAFC /* FoodItemListViewControllerTests.swift in Sources */ = {isa = PBXBuildFile; fileRef = 6E1C62351C844A9B0086FAFC /* FoodItemListViewControllerTests.swift */; };
		6E1C62381C844AAC0086FAFC /* FoodItemListViewController.swift in Sources */ = {isa = PBXBuildFile; fileRef = 6E1C62371C844AAC0086FAFC /* FoodItemListViewController.swift */; };
		6E1C623C1C844B1B0086FAFC /* LogEntry.swift in Sources */ = {isa = PBXBuildFile; fileRef = 6E1C623B1C844B1B0086FAFC /* LogEntry.swift */; };
		6E1C623E1C844FA00086FAFC /* FoodItemListDataProvider.swift in Sources */ = {isa = PBXBuildFile; fileRef = 6E1C623D1C844FA00086FAFC /* FoodItemListDataProvider.swift */; };
		6E1C62401C8456150086FAFC /* FoodItemListDataProviderTests.swift in Sources */ = {isa = PBXBuildFile; fileRef = 6E1C623F1C8456150086FAFC /* FoodItemListDataProviderTests.swift */; };
		6E1C62421C84AAFB0086FAFC /* FoodItemCell.swift in Sources */ = {isa = PBXBuildFile; fileRef = 6E1C62411C84AAFB0086FAFC /* FoodItemCell.swift */; };
		6E1C62441C857E170086FAFC /* AddFoodItemViewController.swift in Sources */ = {isa = PBXBuildFile; fileRef = 6E1C62431C857E170086FAFC /* AddFoodItemViewController.swift */; };
/* End PBXBuildFile section */

/* Begin PBXContainerItemProxy section */
		6E1C620F1C84287F0086FAFC /* PBXContainerItemProxy */ = {
			isa = PBXContainerItemProxy;
			containerPortal = 6E1C61F21C84287F0086FAFC /* Project object */;
			proxyType = 1;
			remoteGlobalIDString = 6E1C61F91C84287F0086FAFC;
			remoteInfo = myMeals;
		};
/* End PBXContainerItemProxy section */

/* Begin PBXFileReference section */
		6E1C61FA1C84287F0086FAFC /* myMeals.app */ = {isa = PBXFileReference; explicitFileType = wrapper.application; includeInIndex = 0; path = myMeals.app; sourceTree = BUILT_PRODUCTS_DIR; };
		6E1C61FD1C84287F0086FAFC /* AppDelegate.swift */ = {isa = PBXFileReference; lastKnownFileType = sourcecode.swift; path = AppDelegate.swift; sourceTree = "<group>"; };
		6E1C61FF1C84287F0086FAFC /* ViewController.swift */ = {isa = PBXFileReference; lastKnownFileType = sourcecode.swift; path = ViewController.swift; sourceTree = "<group>"; };
		6E1C62021C84287F0086FAFC /* Base */ = {isa = PBXFileReference; lastKnownFileType = file.storyboard; name = Base; path = Base.lproj/Main.storyboard; sourceTree = "<group>"; };
		6E1C62041C84287F0086FAFC /* Assets.xcassets */ = {isa = PBXFileReference; lastKnownFileType = folder.assetcatalog; path = Assets.xcassets; sourceTree = "<group>"; };
		6E1C62071C84287F0086FAFC /* Base */ = {isa = PBXFileReference; lastKnownFileType = file.storyboard; name = Base; path = Base.lproj/LaunchScreen.storyboard; sourceTree = "<group>"; };
		6E1C62091C84287F0086FAFC /* Info.plist */ = {isa = PBXFileReference; lastKnownFileType = text.plist.xml; path = Info.plist; sourceTree = "<group>"; };
		6E1C620E1C84287F0086FAFC /* myMealsTests.xctest */ = {isa = PBXFileReference; explicitFileType = wrapper.cfbundle; includeInIndex = 0; path = myMealsTests.xctest; sourceTree = BUILT_PRODUCTS_DIR; };
		6E1C62121C84287F0086FAFC /* myMealsTests.swift */ = {isa = PBXFileReference; lastKnownFileType = sourcecode.swift; path = myMealsTests.swift; sourceTree = "<group>"; };
		6E1C62141C84287F0086FAFC /* Info.plist */ = {isa = PBXFileReference; lastKnownFileType = text.plist.xml; path = Info.plist; sourceTree = "<group>"; };
		6E1C62211C8429F60086FAFC /* FoodItemTests.swift */ = {isa = PBXFileReference; fileEncoding = 4; lastKnownFileType = sourcecode.swift; name = FoodItemTests.swift; path = Model/FoodItemTests.swift; sourceTree = "<group>"; };
		6E1C62231C842B190086FAFC /* FoodItem.swift */ = {isa = PBXFileReference; fileEncoding = 4; lastKnownFileType = sourcecode.swift; name = FoodItem.swift; path = Model/FoodItem.swift; sourceTree = "<group>"; };
		6E1C62291C842F610086FAFC /* LogEntryTests.swift */ = {isa = PBXFileReference; fileEncoding = 4; lastKnownFileType = sourcecode.swift; name = LogEntryTests.swift; path = Model/LogEntryTests.swift; sourceTree = "<group>"; };
		6E1C622B1C8435D70086FAFC /* FoodItemManagerTests.swift */ = {isa = PBXFileReference; fileEncoding = 4; lastKnownFileType = sourcecode.swift; name = FoodItemManagerTests.swift; path = Model/FoodItemManagerTests.swift; sourceTree = "<group>"; };
		6E1C622D1C8435E60086FAFC /* FoodItemManager.swift */ = {isa = PBXFileReference; fileEncoding = 4; lastKnownFileType = sourcecode.swift; name = FoodItemManager.swift; path = Model/FoodItemManager.swift; sourceTree = "<group>"; };
		6E1C622F1C843FDE0086FAFC /* LogEntryManager.swift */ = {isa = PBXFileReference; fileEncoding = 4; lastKnownFileType = sourcecode.swift; name = LogEntryManager.swift; path = Model/LogEntryManager.swift; sourceTree = "<group>"; };
		6E1C62311C843FF90086FAFC /* LogEntryManagerTests.swift */ = {isa = PBXFileReference; fileEncoding = 4; lastKnownFileType = sourcecode.swift; name = LogEntryManagerTests.swift; path = Model/LogEntryManagerTests.swift; sourceTree = "<group>"; };
		6E1C62351C844A9B0086FAFC /* FoodItemListViewControllerTests.swift */ = {isa = PBXFileReference; fileEncoding = 4; lastKnownFileType = sourcecode.swift; name = FoodItemListViewControllerTests.swift; path = Controller/FoodItemListViewControllerTests.swift; sourceTree = "<group>"; };
		6E1C62371C844AAC0086FAFC /* FoodItemListViewController.swift */ = {isa = PBXFileReference; fileEncoding = 4; lastKnownFileType = sourcecode.swift; name = FoodItemListViewController.swift; path = Controller/FoodItemListViewController.swift; sourceTree = "<group>"; };
		6E1C623B1C844B1B0086FAFC /* LogEntry.swift */ = {isa = PBXFileReference; fileEncoding = 4; lastKnownFileType = sourcecode.swift; name = LogEntry.swift; path = Model/LogEntry.swift; sourceTree = "<group>"; };
		6E1C623D1C844FA00086FAFC /* FoodItemListDataProvider.swift */ = {isa = PBXFileReference; fileEncoding = 4; lastKnownFileType = sourcecode.swift; name = FoodItemListDataProvider.swift; path = Controller/FoodItemListDataProvider.swift; sourceTree = "<group>"; };
		6E1C623F1C8456150086FAFC /* FoodItemListDataProviderTests.swift */ = {isa = PBXFileReference; fileEncoding = 4; lastKnownFileType = sourcecode.swift; name = FoodItemListDataProviderTests.swift; path = Controller/FoodItemListDataProviderTests.swift; sourceTree = "<group>"; };
		6E1C62411C84AAFB0086FAFC /* FoodItemCell.swift */ = {isa = PBXFileReference; fileEncoding = 4; lastKnownFileType = sourcecode.swift; name = FoodItemCell.swift; path = Controller/FoodItemCell.swift; sourceTree = "<group>"; };
		6E1C62431C857E170086FAFC /* AddFoodItemViewController.swift */ = {isa = PBXFileReference; fileEncoding = 4; lastKnownFileType = sourcecode.swift; name = AddFoodItemViewController.swift; path = Controller/AddFoodItemViewController.swift; sourceTree = "<group>"; };
/* End PBXFileReference section */

/* Begin PBXFrameworksBuildPhase section */
		6E1C61F71C84287F0086FAFC /* Frameworks */ = {
			isa = PBXFrameworksBuildPhase;
			buildActionMask = 2147483647;
			files = (
			);
			runOnlyForDeploymentPostprocessing = 0;
		};
		6E1C620B1C84287F0086FAFC /* Frameworks */ = {
			isa = PBXFrameworksBuildPhase;
			buildActionMask = 2147483647;
			files = (
			);
			runOnlyForDeploymentPostprocessing = 0;
		};
/* End PBXFrameworksBuildPhase section */

/* Begin PBXGroup section */
		6E1C61F11C84287F0086FAFC = {
			isa = PBXGroup;
			children = (
				6E1C61FC1C84287F0086FAFC /* myMeals */,
				6E1C62111C84287F0086FAFC /* myMealsTests */,
				6E1C61FB1C84287F0086FAFC /* Products */,
			);
			sourceTree = "<group>";
		};
		6E1C61FB1C84287F0086FAFC /* Products */ = {
			isa = PBXGroup;
			children = (
				6E1C61FA1C84287F0086FAFC /* myMeals.app */,
				6E1C620E1C84287F0086FAFC /* myMealsTests.xctest */,
			);
			name = Products;
			sourceTree = "<group>";
		};
		6E1C61FC1C84287F0086FAFC /* myMeals */ = {
			isa = PBXGroup;
			children = (
				6E1C62331C844A6D0086FAFC /* Controller */,
				6E1C621E1C8429550086FAFC /* Model */,
				6E1C621F1C84295E0086FAFC /* Supporting Files */,
			);
			path = myMeals;
			sourceTree = "<group>";
		};
		6E1C62111C84287F0086FAFC /* myMealsTests */ = {
			isa = PBXGroup;
			children = (
				6E1C62341C844A730086FAFC /* Controller */,
				6E1C621D1C84294F0086FAFC /* Model */,
				6E1C62201C84297C0086FAFC /* Supporting Files */,
			);
			path = myMealsTests;
			sourceTree = "<group>";
		};
		6E1C621D1C84294F0086FAFC /* Model */ = {
			isa = PBXGroup;
			children = (
				6E1C62211C8429F60086FAFC /* FoodItemTests.swift */,
				6E1C622B1C8435D70086FAFC /* FoodItemManagerTests.swift */,
				6E1C62291C842F610086FAFC /* LogEntryTests.swift */,
				6E1C62311C843FF90086FAFC /* LogEntryManagerTests.swift */,
			);
			name = Model;
			sourceTree = "<group>";
		};
		6E1C621E1C8429550086FAFC /* Model */ = {
			isa = PBXGroup;
			children = (
				6E1C62231C842B190086FAFC /* FoodItem.swift */,
				6E1C622D1C8435E60086FAFC /* FoodItemManager.swift */,
				6E1C622F1C843FDE0086FAFC /* LogEntryManager.swift */,
				6E1C623B1C844B1B0086FAFC /* LogEntry.swift */,
			);
			name = Model;
			sourceTree = "<group>";
		};
		6E1C621F1C84295E0086FAFC /* Supporting Files */ = {
			isa = PBXGroup;
			children = (
				6E1C61FD1C84287F0086FAFC /* AppDelegate.swift */,
				6E1C61FF1C84287F0086FAFC /* ViewController.swift */,
				6E1C62011C84287F0086FAFC /* Main.storyboard */,
				6E1C62041C84287F0086FAFC /* Assets.xcassets */,
				6E1C62061C84287F0086FAFC /* LaunchScreen.storyboard */,
				6E1C62091C84287F0086FAFC /* Info.plist */,
			);
			name = "Supporting Files";
			sourceTree = "<group>";
		};
		6E1C62201C84297C0086FAFC /* Supporting Files */ = {
			isa = PBXGroup;
			children = (
				6E1C62141C84287F0086FAFC /* Info.plist */,
				6E1C62121C84287F0086FAFC /* myMealsTests.swift */,
			);
			name = "Supporting Files";
			sourceTree = "<group>";
		};
		6E1C62331C844A6D0086FAFC /* Controller */ = {
			isa = PBXGroup;
			children = (
				6E1C623D1C844FA00086FAFC /* FoodItemListDataProvider.swift */,
				6E1C62371C844AAC0086FAFC /* FoodItemListViewController.swift */,
				6E1C62411C84AAFB0086FAFC /* FoodItemCell.swift */,
				6E1C62431C857E170086FAFC /* AddFoodItemViewController.swift */,
			);
			name = Controller;
			sourceTree = "<group>";
		};
		6E1C62341C844A730086FAFC /* Controller */ = {
			isa = PBXGroup;
			children = (
				6E1C623F1C8456150086FAFC /* FoodItemListDataProviderTests.swift */,
				6E1C62351C844A9B0086FAFC /* FoodItemListViewControllerTests.swift */,
			);
			name = Controller;
			sourceTree = "<group>";
		};
/* End PBXGroup section */

/* Begin PBXNativeTarget section */
		6E1C61F91C84287F0086FAFC /* myMeals */ = {
			isa = PBXNativeTarget;
			buildConfigurationList = 6E1C62171C84287F0086FAFC /* Build configuration list for PBXNativeTarget "myMeals" */;
			buildPhases = (
				6E1C61F61C84287F0086FAFC /* Sources */,
				6E1C61F71C84287F0086FAFC /* Frameworks */,
				6E1C61F81C84287F0086FAFC /* Resources */,
			);
			buildRules = (
			);
			dependencies = (
			);
			name = myMeals;
			productName = myMeals;
			productReference = 6E1C61FA1C84287F0086FAFC /* myMeals.app */;
			productType = "com.apple.product-type.application";
		};
		6E1C620D1C84287F0086FAFC /* myMealsTests */ = {
			isa = PBXNativeTarget;
			buildConfigurationList = 6E1C621A1C84287F0086FAFC /* Build configuration list for PBXNativeTarget "myMealsTests" */;
			buildPhases = (
				6E1C620A1C84287F0086FAFC /* Sources */,
				6E1C620B1C84287F0086FAFC /* Frameworks */,
				6E1C620C1C84287F0086FAFC /* Resources */,
			);
			buildRules = (
			);
			dependencies = (
				6E1C62101C84287F0086FAFC /* PBXTargetDependency */,
			);
			name = myMealsTests;
			productName = myMealsTests;
			productReference = 6E1C620E1C84287F0086FAFC /* myMealsTests.xctest */;
			productType = "com.apple.product-type.bundle.unit-test";
		};
/* End PBXNativeTarget section */

/* Begin PBXProject section */
		6E1C61F21C84287F0086FAFC /* Project object */ = {
			isa = PBXProject;
			attributes = {
				LastSwiftUpdateCheck = 0720;
				LastUpgradeCheck = 0720;
				ORGANIZATIONNAME = madeTK.com;
				TargetAttributes = {
					6E1C61F91C84287F0086FAFC = {
						CreatedOnToolsVersion = 7.2.1;
					};
					6E1C620D1C84287F0086FAFC = {
						CreatedOnToolsVersion = 7.2.1;
						TestTargetID = 6E1C61F91C84287F0086FAFC;
					};
				};
			};
			buildConfigurationList = 6E1C61F51C84287F0086FAFC /* Build configuration list for PBXProject "myMeals" */;
			compatibilityVersion = "Xcode 3.2";
			developmentRegion = English;
			hasScannedForEncodings = 0;
			knownRegions = (
				en,
				Base,
			);
			mainGroup = 6E1C61F11C84287F0086FAFC;
			productRefGroup = 6E1C61FB1C84287F0086FAFC /* Products */;
			projectDirPath = "";
			projectRoot = "";
			targets = (
				6E1C61F91C84287F0086FAFC /* myMeals */,
				6E1C620D1C84287F0086FAFC /* myMealsTests */,
			);
		};
/* End PBXProject section */

/* Begin PBXResourcesBuildPhase section */
		6E1C61F81C84287F0086FAFC /* Resources */ = {
			isa = PBXResourcesBuildPhase;
			buildActionMask = 2147483647;
			files = (
				6E1C62081C84287F0086FAFC /* LaunchScreen.storyboard in Resources */,
				6E1C62051C84287F0086FAFC /* Assets.xcassets in Resources */,
				6E1C62031C84287F0086FAFC /* Main.storyboard in Resources */,
			);
			runOnlyForDeploymentPostprocessing = 0;
		};
		6E1C620C1C84287F0086FAFC /* Resources */ = {
			isa = PBXResourcesBuildPhase;
			buildActionMask = 2147483647;
			files = (
			);
			runOnlyForDeploymentPostprocessing = 0;
		};
/* End PBXResourcesBuildPhase section */

/* Begin PBXSourcesBuildPhase section */
		6E1C61F61C84287F0086FAFC /* Sources */ = {
			isa = PBXSourcesBuildPhase;
			buildActionMask = 2147483647;
			files = (
				6E1C622E1C8435E60086FAFC /* FoodItemManager.swift in Sources */,
				6E1C623E1C844FA00086FAFC /* FoodItemListDataProvider.swift in Sources */,
				6E1C62001C84287F0086FAFC /* ViewController.swift in Sources */,
				6E1C623C1C844B1B0086FAFC /* LogEntry.swift in Sources */,
				6E1C62381C844AAC0086FAFC /* FoodItemListViewController.swift in Sources */,
				6E1C62301C843FDE0086FAFC /* LogEntryManager.swift in Sources */,
				6E1C62421C84AAFB0086FAFC /* FoodItemCell.swift in Sources */,
				6E1C62241C842B190086FAFC /* FoodItem.swift in Sources */,
				6E1C61FE1C84287F0086FAFC /* AppDelegate.swift in Sources */,
				6E1C62441C857E170086FAFC /* AddFoodItemViewController.swift in Sources */,
			);
			runOnlyForDeploymentPostprocessing = 0;
		};
		6E1C620A1C84287F0086FAFC /* Sources */ = {
			isa = PBXSourcesBuildPhase;
			buildActionMask = 2147483647;
			files = (
				6E1C62221C8429F60086FAFC /* FoodItemTests.swift in Sources */,
				6E1C62401C8456150086FAFC /* FoodItemListDataProviderTests.swift in Sources */,
				6E1C62361C844A9B0086FAFC /* FoodItemListViewControllerTests.swift in Sources */,
				6E1C62321C843FF90086FAFC /* LogEntryManagerTests.swift in Sources */,
				6E1C62131C84287F0086FAFC /* myMealsTests.swift in Sources */,
				6E1C622C1C8435D70086FAFC /* FoodItemManagerTests.swift in Sources */,
				6E1C622A1C842F610086FAFC /* LogEntryTests.swift in Sources */,
			);
			runOnlyForDeploymentPostprocessing = 0;
		};
/* End PBXSourcesBuildPhase section */

/* Begin PBXTargetDependency section */
		6E1C62101C84287F0086FAFC /* PBXTargetDependency */ = {
			isa = PBXTargetDependency;
			target = 6E1C61F91C84287F0086FAFC /* myMeals */;
			targetProxy = 6E1C620F1C84287F0086FAFC /* PBXContainerItemProxy */;
		};
/* End PBXTargetDependency section */

/* Begin PBXVariantGroup section */
		6E1C62011C84287F0086FAFC /* Main.storyboard */ = {
			isa = PBXVariantGroup;
			children = (
				6E1C62021C84287F0086FAFC /* Base */,
			);
			name = Main.storyboard;
			sourceTree = "<group>";
		};
		6E1C62061C84287F0086FAFC /* LaunchScreen.storyboard */ = {
			isa = PBXVariantGroup;
			children = (
				6E1C62071C84287F0086FAFC /* Base */,
			);
			name = LaunchScreen.storyboard;
			sourceTree = "<group>";
		};
/* End PBXVariantGroup section */

/* Begin XCBuildConfiguration section */
		6E1C62151C84287F0086FAFC /* Debug */ = {
			isa = XCBuildConfiguration;
			buildSettings = {
				ALWAYS_SEARCH_USER_PATHS = NO;
				CLANG_CXX_LANGUAGE_STANDARD = "gnu++0x";
				CLANG_CXX_LIBRARY = "libc++";
				CLANG_ENABLE_MODULES = YES;
				CLANG_ENABLE_OBJC_ARC = YES;
				CLANG_WARN_BOOL_CONVERSION = YES;
				CLANG_WARN_CONSTANT_CONVERSION = YES;
				CLANG_WARN_DIRECT_OBJC_ISA_USAGE = YES_ERROR;
				CLANG_WARN_EMPTY_BODY = YES;
				CLANG_WARN_ENUM_CONVERSION = YES;
				CLANG_WARN_INT_CONVERSION = YES;
				CLANG_WARN_OBJC_ROOT_CLASS = YES_ERROR;
				CLANG_WARN_UNREACHABLE_CODE = YES;
				CLANG_WARN__DUPLICATE_METHOD_MATCH = YES;
				"CODE_SIGN_IDENTITY[sdk=iphoneos*]" = "iPhone Developer";
				COPY_PHASE_STRIP = NO;
				DEBUG_INFORMATION_FORMAT = dwarf;
				ENABLE_STRICT_OBJC_MSGSEND = YES;
				ENABLE_TESTABILITY = YES;
				GCC_C_LANGUAGE_STANDARD = gnu99;
				GCC_DYNAMIC_NO_PIC = NO;
				GCC_NO_COMMON_BLOCKS = YES;
				GCC_OPTIMIZATION_LEVEL = 0;
				GCC_PREPROCESSOR_DEFINITIONS = (
					"DEBUG=1",
					"$(inherited)",
				);
				GCC_WARN_64_TO_32_BIT_CONVERSION = YES;
				GCC_WARN_ABOUT_RETURN_TYPE = YES_ERROR;
				GCC_WARN_UNDECLARED_SELECTOR = YES;
				GCC_WARN_UNINITIALIZED_AUTOS = YES_AGGRESSIVE;
				GCC_WARN_UNUSED_FUNCTION = YES;
				GCC_WARN_UNUSED_VARIABLE = YES;
				IPHONEOS_DEPLOYMENT_TARGET = 9.2;
				MTL_ENABLE_DEBUG_INFO = YES;
				ONLY_ACTIVE_ARCH = YES;
				SDKROOT = iphoneos;
				SWIFT_OPTIMIZATION_LEVEL = "-Onone";
				TARGETED_DEVICE_FAMILY = "1,2";
			};
			name = Debug;
		};
		6E1C62161C84287F0086FAFC /* Release */ = {
			isa = XCBuildConfiguration;
			buildSettings = {
				ALWAYS_SEARCH_USER_PATHS = NO;
				CLANG_CXX_LANGUAGE_STANDARD = "gnu++0x";
				CLANG_CXX_LIBRARY = "libc++";
				CLANG_ENABLE_MODULES = YES;
				CLANG_ENABLE_OBJC_ARC = YES;
				CLANG_WARN_BOOL_CONVERSION = YES;
				CLANG_WARN_CONSTANT_CONVERSION = YES;
				CLANG_WARN_DIRECT_OBJC_ISA_USAGE = YES_ERROR;
				CLANG_WARN_EMPTY_BODY = YES;
				CLANG_WARN_ENUM_CONVERSION = YES;
				CLANG_WARN_INT_CONVERSION = YES;
				CLANG_WARN_OBJC_ROOT_CLASS = YES_ERROR;
				CLANG_WARN_UNREACHABLE_CODE = YES;
				CLANG_WARN__DUPLICATE_METHOD_MATCH = YES;
				"CODE_SIGN_IDENTITY[sdk=iphoneos*]" = "iPhone Developer";
				COPY_PHASE_STRIP = NO;
				DEBUG_INFORMATION_FORMAT = "dwarf-with-dsym";
				ENABLE_NS_ASSERTIONS = NO;
				ENABLE_STRICT_OBJC_MSGSEND = YES;
				GCC_C_LANGUAGE_STANDARD = gnu99;
				GCC_NO_COMMON_BLOCKS = YES;
				GCC_WARN_64_TO_32_BIT_CONVERSION = YES;
				GCC_WARN_ABOUT_RETURN_TYPE = YES_ERROR;
				GCC_WARN_UNDECLARED_SELECTOR = YES;
				GCC_WARN_UNINITIALIZED_AUTOS = YES_AGGRESSIVE;
				GCC_WARN_UNUSED_FUNCTION = YES;
				GCC_WARN_UNUSED_VARIABLE = YES;
				IPHONEOS_DEPLOYMENT_TARGET = 9.2;
				MTL_ENABLE_DEBUG_INFO = NO;
				SDKROOT = iphoneos;
				TARGETED_DEVICE_FAMILY = "1,2";
				VALIDATE_PRODUCT = YES;
			};
			name = Release;
		};
		6E1C62181C84287F0086FAFC /* Debug */ = {
			isa = XCBuildConfiguration;
			buildSettings = {
				ASSETCATALOG_COMPILER_APPICON_NAME = AppIcon;
				INFOPLIST_FILE = myMeals/Info.plist;
				LD_RUNPATH_SEARCH_PATHS = "$(inherited) @executable_path/Frameworks";
				PRODUCT_BUNDLE_IDENTIFIER = com.madeTK.myMeals;
				PRODUCT_NAME = "$(TARGET_NAME)";
			};
			name = Debug;
		};
		6E1C62191C84287F0086FAFC /* Release */ = {
			isa = XCBuildConfiguration;
			buildSettings = {
				ASSETCATALOG_COMPILER_APPICON_NAME = AppIcon;
				INFOPLIST_FILE = myMeals/Info.plist;
				LD_RUNPATH_SEARCH_PATHS = "$(inherited) @executable_path/Frameworks";
				PRODUCT_BUNDLE_IDENTIFIER = com.madeTK.myMeals;
				PRODUCT_NAME = "$(TARGET_NAME)";
			};
			name = Release;
		};
		6E1C621B1C84287F0086FAFC /* Debug */ = {
			isa = XCBuildConfiguration;
			buildSettings = {
				BUNDLE_LOADER = "$(TEST_HOST)";
				INFOPLIST_FILE = myMealsTests/Info.plist;
				LD_RUNPATH_SEARCH_PATHS = "$(inherited) @executable_path/Frameworks @loader_path/Frameworks";
				PRODUCT_BUNDLE_IDENTIFIER = com.madeTK.myMealsTests;
				PRODUCT_NAME = "$(TARGET_NAME)";
				TEST_HOST = "$(BUILT_PRODUCTS_DIR)/myMeals.app/myMeals";
			};
			name = Debug;
		};
		6E1C621C1C84287F0086FAFC /* Release */ = {
			isa = XCBuildConfiguration;
			buildSettings = {
				BUNDLE_LOADER = "$(TEST_HOST)";
				INFOPLIST_FILE = myMealsTests/Info.plist;
				LD_RUNPATH_SEARCH_PATHS = "$(inherited) @executable_path/Frameworks @loader_path/Frameworks";
				PRODUCT_BUNDLE_IDENTIFIER = com.madeTK.myMealsTests;
				PRODUCT_NAME = "$(TARGET_NAME)";
				TEST_HOST = "$(BUILT_PRODUCTS_DIR)/myMeals.app/myMeals";
			};
			name = Release;
		};
/* End XCBuildConfiguration section */

/* Begin XCConfigurationList section */
		6E1C61F51C84287F0086FAFC /* Build configuration list for PBXProject "myMeals" */ = {
			isa = XCConfigurationList;
			buildConfigurations = (
				6E1C62151C84287F0086FAFC /* Debug */,
				6E1C62161C84287F0086FAFC /* Release */,
			);
			defaultConfigurationIsVisible = 0;
			defaultConfigurationName = Release;
		};
		6E1C62171C84287F0086FAFC /* Build configuration list for PBXNativeTarget "myMeals" */ = {
			isa = XCConfigurationList;
			buildConfigurations = (
				6E1C62181C84287F0086FAFC /* Debug */,
				6E1C62191C84287F0086FAFC /* Release */,
			);
			defaultConfigurationIsVisible = 0;
			defaultConfigurationName = Release;
		};
		6E1C621A1C84287F0086FAFC /* Build configuration list for PBXNativeTarget "myMealsTests" */ = {
			isa = XCConfigurationList;
			buildConfigurations = (
				6E1C621B1C84287F0086FAFC /* Debug */,
				6E1C621C1C84287F0086FAFC /* Release */,
			);
			defaultConfigurationIsVisible = 0;
			defaultConfigurationName = Release;
		};
/* End XCConfigurationList section */
	};
	rootObject = 6E1C61F21C84287F0086FAFC /* Project object */;
}
